// !$*UTF8*$!
{
	archiveVersion = 1;
	classes = {
	};
	objectVersion = 50;
	objects = {

/* Begin PBXBuildFile section */
		D6E6776924115E1A00337864 /* AppDelegate.swift in Sources */ = {isa = PBXBuildFile; fileRef = D6E6776824115E1A00337864 /* AppDelegate.swift */; };
		D6E6776B24115E1A00337864 /* SceneDelegate.swift in Sources */ = {isa = PBXBuildFile; fileRef = D6E6776A24115E1A00337864 /* SceneDelegate.swift */; };
		D6E6776D24115E1A00337864 /* ViewController.swift in Sources */ = {isa = PBXBuildFile; fileRef = D6E6776C24115E1A00337864 /* ViewController.swift */; };
		D6E6777024115E1A00337864 /* Main.storyboard in Resources */ = {isa = PBXBuildFile; fileRef = D6E6776E24115E1A00337864 /* Main.storyboard */; };
		D6E6777224115E1B00337864 /* Assets.xcassets in Resources */ = {isa = PBXBuildFile; fileRef = D6E6777124115E1B00337864 /* Assets.xcassets */; };
		D6E6777524115E1B00337864 /* LaunchScreen.storyboard in Resources */ = {isa = PBXBuildFile; fileRef = D6E6777324115E1B00337864 /* LaunchScreen.storyboard */; };
		D6E6777E241167C300337864 /* Genre.swift in Sources */ = {isa = PBXBuildFile; fileRef = D6E6777D241167C300337864 /* Genre.swift */; };
		D6E677852411888000337864 /* NetworkClient.swift in Sources */ = {isa = PBXBuildFile; fileRef = D6E677842411888000337864 /* NetworkClient.swift */; };
		D6E6778824118CFA00337864 /* NetworkError.swift in Sources */ = {isa = PBXBuildFile; fileRef = D6E6778724118CFA00337864 /* NetworkError.swift */; };
		D6E6778B24119EA000337864 /* Movie.swift in Sources */ = {isa = PBXBuildFile; fileRef = D6E6778A24119EA000337864 /* Movie.swift */; };
		D6E6778D2411A42E00337864 /* Video.swift in Sources */ = {isa = PBXBuildFile; fileRef = D6E6778C2411A42E00337864 /* Video.swift */; };
		D6E677922411D83900337864 /* Configuration.swift in Sources */ = {isa = PBXBuildFile; fileRef = D6E677912411D83900337864 /* Configuration.swift */; };
		D6E677B524124A9D00337864 /* DetailsViewController.swift in Sources */ = {isa = PBXBuildFile; fileRef = D6E677B424124A9D00337864 /* DetailsViewController.swift */; };
		D6E677B724124AE200337864 /* GenresViewController.swift in Sources */ = {isa = PBXBuildFile; fileRef = D6E677B624124AE200337864 /* GenresViewController.swift */; };
		D6E677B924124B2700337864 /* MoviesAViewController.swift in Sources */ = {isa = PBXBuildFile; fileRef = D6E677B824124B2700337864 /* MoviesAViewController.swift */; };
		D6E677BB24124B4900337864 /* MoviesBViewController.swift in Sources */ = {isa = PBXBuildFile; fileRef = D6E677BA24124B4900337864 /* MoviesBViewController.swift */; };
		D6E677BD24125C1000337864 /* YouTubeVideoPlayerVC.swift in Sources */ = {isa = PBXBuildFile; fileRef = D6E677BC24125C1000337864 /* YouTubeVideoPlayerVC.swift */; };
		D6E677C02412B3E000337864 /* DetailsViewModel.swift in Sources */ = {isa = PBXBuildFile; fileRef = D6E677BF2412B3E000337864 /* DetailsViewModel.swift */; };
		D6E677C22412B3F400337864 /* GenresViewModel.swift in Sources */ = {isa = PBXBuildFile; fileRef = D6E677C12412B3F400337864 /* GenresViewModel.swift */; };
		D6E677C42412B40900337864 /* MoviesAViewModel.swift in Sources */ = {isa = PBXBuildFile; fileRef = D6E677C32412B40900337864 /* MoviesAViewModel.swift */; };
		D6E677C62412B41C00337864 /* MoviesBViewModel.swift in Sources */ = {isa = PBXBuildFile; fileRef = D6E677C52412B41C00337864 /* MoviesBViewModel.swift */; };
		D6E677C92412C7E400337864 /* MovieCollectionCell.swift in Sources */ = {isa = PBXBuildFile; fileRef = D6E677C82412C7E400337864 /* MovieCollectionCell.swift */; };
		D6E677CC2412E2F500337864 /* MovieImageSizes.swift in Sources */ = {isa = PBXBuildFile; fileRef = D6E677CB2412E2F500337864 /* MovieImageSizes.swift */; };
		D6E677CF2412E75500337864 /* ResultExtention.swift in Sources */ = {isa = PBXBuildFile; fileRef = D6E677CE2412E75500337864 /* ResultExtention.swift */; };
		D6E677D1241383B400337864 /* WebViewModel.swift in Sources */ = {isa = PBXBuildFile; fileRef = D6E677D0241383B400337864 /* WebViewModel.swift */; };
		D6E677D324138C6B00337864 /* GenreTableCell.swift in Sources */ = {isa = PBXBuildFile; fileRef = D6E677D224138C6B00337864 /* GenreTableCell.swift */; };
		D6E677D52413917900337864 /* MovieTableCell.swift in Sources */ = {isa = PBXBuildFile; fileRef = D6E677D42413917900337864 /* MovieTableCell.swift */; };
		D6E677D824153C4E00337864 /* UserDefaultsExtension.swift in Sources */ = {isa = PBXBuildFile; fileRef = D6E677D724153C4E00337864 /* UserDefaultsExtension.swift */; };
/* End PBXBuildFile section */

/* Begin PBXFileReference section */
		D6E6776524115E1A00337864 /* TheMovieDB.app */ = {isa = PBXFileReference; explicitFileType = wrapper.application; includeInIndex = 0; path = TheMovieDB.app; sourceTree = BUILT_PRODUCTS_DIR; };
		D6E6776824115E1A00337864 /* AppDelegate.swift */ = {isa = PBXFileReference; lastKnownFileType = sourcecode.swift; path = AppDelegate.swift; sourceTree = "<group>"; };
		D6E6776A24115E1A00337864 /* SceneDelegate.swift */ = {isa = PBXFileReference; lastKnownFileType = sourcecode.swift; path = SceneDelegate.swift; sourceTree = "<group>"; };
		D6E6776C24115E1A00337864 /* ViewController.swift */ = {isa = PBXFileReference; lastKnownFileType = sourcecode.swift; path = ViewController.swift; sourceTree = "<group>"; };
		D6E6776F24115E1A00337864 /* Base */ = {isa = PBXFileReference; lastKnownFileType = file.storyboard; name = Base; path = Base.lproj/Main.storyboard; sourceTree = "<group>"; };
		D6E6777124115E1B00337864 /* Assets.xcassets */ = {isa = PBXFileReference; lastKnownFileType = folder.assetcatalog; path = Assets.xcassets; sourceTree = "<group>"; };
		D6E6777424115E1B00337864 /* Base */ = {isa = PBXFileReference; lastKnownFileType = file.storyboard; name = Base; path = Base.lproj/LaunchScreen.storyboard; sourceTree = "<group>"; };
		D6E6777624115E1B00337864 /* Info.plist */ = {isa = PBXFileReference; lastKnownFileType = text.plist.xml; path = Info.plist; sourceTree = "<group>"; };
		D6E6777D241167C300337864 /* Genre.swift */ = {isa = PBXFileReference; lastKnownFileType = sourcecode.swift; path = Genre.swift; sourceTree = "<group>"; };
		D6E6777F2411693100337864 /* Genres.json */ = {isa = PBXFileReference; lastKnownFileType = text.json; path = Genres.json; sourceTree = "<group>"; };
		D6E677842411888000337864 /* NetworkClient.swift */ = {isa = PBXFileReference; lastKnownFileType = sourcecode.swift; path = NetworkClient.swift; sourceTree = "<group>"; };
		D6E6778724118CFA00337864 /* NetworkError.swift */ = {isa = PBXFileReference; lastKnownFileType = sourcecode.swift; path = NetworkError.swift; sourceTree = "<group>"; };
		D6E6778924119E4900337864 /* Movies01.json */ = {isa = PBXFileReference; lastKnownFileType = text.json; path = Movies01.json; sourceTree = "<group>"; };
		D6E6778A24119EA000337864 /* Movie.swift */ = {isa = PBXFileReference; lastKnownFileType = sourcecode.swift; path = Movie.swift; sourceTree = "<group>"; };
		D6E6778C2411A42E00337864 /* Video.swift */ = {isa = PBXFileReference; lastKnownFileType = sourcecode.swift; path = Video.swift; sourceTree = "<group>"; };
		D6E6778E2411A47000337864 /* Video_475303.json */ = {isa = PBXFileReference; lastKnownFileType = text.json; path = Video_475303.json; sourceTree = "<group>"; };
		D6E6778F2411A4B100337864 /* Video_512200.json */ = {isa = PBXFileReference; lastKnownFileType = text.json; path = Video_512200.json; sourceTree = "<group>"; };
		D6E677902411D80100337864 /* Configuration.json */ = {isa = PBXFileReference; lastKnownFileType = text.json; path = Configuration.json; sourceTree = "<group>"; };
		D6E677912411D83900337864 /* Configuration.swift */ = {isa = PBXFileReference; lastKnownFileType = sourcecode.swift; path = Configuration.swift; sourceTree = "<group>"; };
		D6E677B424124A9D00337864 /* DetailsViewController.swift */ = {isa = PBXFileReference; lastKnownFileType = sourcecode.swift; path = DetailsViewController.swift; sourceTree = "<group>"; };
		D6E677B624124AE200337864 /* GenresViewController.swift */ = {isa = PBXFileReference; lastKnownFileType = sourcecode.swift; path = GenresViewController.swift; sourceTree = "<group>"; };
		D6E677B824124B2700337864 /* MoviesAViewController.swift */ = {isa = PBXFileReference; lastKnownFileType = sourcecode.swift; path = MoviesAViewController.swift; sourceTree = "<group>"; };
		D6E677BA24124B4900337864 /* MoviesBViewController.swift */ = {isa = PBXFileReference; lastKnownFileType = sourcecode.swift; path = MoviesBViewController.swift; sourceTree = "<group>"; };
		D6E677BC24125C1000337864 /* YouTubeVideoPlayerVC.swift */ = {isa = PBXFileReference; lastKnownFileType = sourcecode.swift; path = YouTubeVideoPlayerVC.swift; sourceTree = "<group>"; };
		D6E677BF2412B3E000337864 /* DetailsViewModel.swift */ = {isa = PBXFileReference; lastKnownFileType = sourcecode.swift; path = DetailsViewModel.swift; sourceTree = "<group>"; };
		D6E677C12412B3F400337864 /* GenresViewModel.swift */ = {isa = PBXFileReference; lastKnownFileType = sourcecode.swift; path = GenresViewModel.swift; sourceTree = "<group>"; };
		D6E677C32412B40900337864 /* MoviesAViewModel.swift */ = {isa = PBXFileReference; lastKnownFileType = sourcecode.swift; path = MoviesAViewModel.swift; sourceTree = "<group>"; };
		D6E677C52412B41C00337864 /* MoviesBViewModel.swift */ = {isa = PBXFileReference; lastKnownFileType = sourcecode.swift; path = MoviesBViewModel.swift; sourceTree = "<group>"; };
		D6E677C82412C7E400337864 /* MovieCollectionCell.swift */ = {isa = PBXFileReference; lastKnownFileType = sourcecode.swift; path = MovieCollectionCell.swift; sourceTree = "<group>"; };
		D6E677CB2412E2F500337864 /* MovieImageSizes.swift */ = {isa = PBXFileReference; lastKnownFileType = sourcecode.swift; path = MovieImageSizes.swift; sourceTree = "<group>"; };
		D6E677CE2412E75500337864 /* ResultExtention.swift */ = {isa = PBXFileReference; lastKnownFileType = sourcecode.swift; path = ResultExtention.swift; sourceTree = "<group>"; };
		D6E677D0241383B400337864 /* WebViewModel.swift */ = {isa = PBXFileReference; lastKnownFileType = sourcecode.swift; path = WebViewModel.swift; sourceTree = "<group>"; };
		D6E677D224138C6B00337864 /* GenreTableCell.swift */ = {isa = PBXFileReference; lastKnownFileType = sourcecode.swift; path = GenreTableCell.swift; sourceTree = "<group>"; };
		D6E677D42413917900337864 /* MovieTableCell.swift */ = {isa = PBXFileReference; lastKnownFileType = sourcecode.swift; path = MovieTableCell.swift; sourceTree = "<group>"; };
		D6E677D724153C4E00337864 /* UserDefaultsExtension.swift */ = {isa = PBXFileReference; lastKnownFileType = sourcecode.swift; path = UserDefaultsExtension.swift; sourceTree = "<group>"; };
/* End PBXFileReference section */

/* Begin PBXFrameworksBuildPhase section */
		D6E6776224115E1A00337864 /* Frameworks */ = {
			isa = PBXFrameworksBuildPhase;
			buildActionMask = 2147483647;
			files = (
			);
			runOnlyForDeploymentPostprocessing = 0;
		};
/* End PBXFrameworksBuildPhase section */

/* Begin PBXGroup section */
		D6E6775C24115E1A00337864 = {
			isa = PBXGroup;
			children = (
				D6E6776724115E1A00337864 /* TheMovieDB */,
				D6E6776624115E1A00337864 /* Products */,
			);
			sourceTree = "<group>";
		};
		D6E6776624115E1A00337864 /* Products */ = {
			isa = PBXGroup;
			children = (
				D6E6776524115E1A00337864 /* TheMovieDB.app */,
			);
			name = Products;
			sourceTree = "<group>";
		};
		D6E6776724115E1A00337864 /* TheMovieDB */ = {
			isa = PBXGroup;
			children = (
				D6E6776824115E1A00337864 /* AppDelegate.swift */,
				D6E6776A24115E1A00337864 /* SceneDelegate.swift */,
				D6E6777624115E1B00337864 /* Info.plist */,
				D6E677CD2412E72900337864 /* Extentions */,
				D6E677802411694200337864 /* Resources */,
				D6E677BE2412B3AE00337864 /* ViewModels */,
				D6E67782241172F700337864 /* ViewControllers */,
				D6E67781241172CE00337864 /* Storyboards */,
				D6E677C72412C79D00337864 /* Views */,
				D6E677832411885100337864 /* Network */,
				D6E6777C2411679400337864 /* Models */,
				D6E677D6241401A000337864 /* Enums */,
			);
			path = TheMovieDB;
			sourceTree = "<group>";
		};
		D6E6777C2411679400337864 /* Models */ = {
			isa = PBXGroup;
			children = (
				D6E677912411D83900337864 /* Configuration.swift */,
				D6E6777D241167C300337864 /* Genre.swift */,
				D6E6778A24119EA000337864 /* Movie.swift */,
				D6E6778C2411A42E00337864 /* Video.swift */,
			);
			path = Models;
			sourceTree = "<group>";
		};
		D6E677802411694200337864 /* Resources */ = {
			isa = PBXGroup;
			children = (
				D6E6777124115E1B00337864 /* Assets.xcassets */,
				D6E677B324122D2700337864 /* JSON Examples */,
			);
			path = Resources;
			sourceTree = "<group>";
		};
		D6E67781241172CE00337864 /* Storyboards */ = {
			isa = PBXGroup;
			children = (
				D6E6776E24115E1A00337864 /* Main.storyboard */,
				D6E6777324115E1B00337864 /* LaunchScreen.storyboard */,
			);
			path = Storyboards;
			sourceTree = "<group>";
		};
		D6E67782241172F700337864 /* ViewControllers */ = {
			isa = PBXGroup;
			children = (
				D6E6776C24115E1A00337864 /* ViewController.swift */,
				D6E677B424124A9D00337864 /* DetailsViewController.swift */,
				D6E677B624124AE200337864 /* GenresViewController.swift */,
				D6E677B824124B2700337864 /* MoviesAViewController.swift */,
				D6E677BA24124B4900337864 /* MoviesBViewController.swift */,
				D6E677BC24125C1000337864 /* YouTubeVideoPlayerVC.swift */,
			);
			path = ViewControllers;
			sourceTree = "<group>";
		};
		D6E677832411885100337864 /* Network */ = {
			isa = PBXGroup;
			children = (
				D6E677842411888000337864 /* NetworkClient.swift */,
				D6E6778624118CE400337864 /* Network Support */,
			);
			path = Network;
			sourceTree = "<group>";
		};
		D6E6778624118CE400337864 /* Network Support */ = {
			isa = PBXGroup;
			children = (
				D6E6778724118CFA00337864 /* NetworkError.swift */,
			);
			path = "Network Support";
			sourceTree = "<group>";
		};
		D6E677B324122D2700337864 /* JSON Examples */ = {
			isa = PBXGroup;
			children = (
				D6E677902411D80100337864 /* Configuration.json */,
				D6E6777F2411693100337864 /* Genres.json */,
				D6E6778924119E4900337864 /* Movies01.json */,
				D6E6778E2411A47000337864 /* Video_475303.json */,
				D6E6778F2411A4B100337864 /* Video_512200.json */,
			);
			path = "JSON Examples";
			sourceTree = "<group>";
		};
		D6E677BE2412B3AE00337864 /* ViewModels */ = {
			isa = PBXGroup;
			children = (
				D6E677BF2412B3E000337864 /* DetailsViewModel.swift */,
				D6E677C12412B3F400337864 /* GenresViewModel.swift */,
				D6E677C32412B40900337864 /* MoviesAViewModel.swift */,
				D6E677C52412B41C00337864 /* MoviesBViewModel.swift */,
				D6E677D0241383B400337864 /* WebViewModel.swift */,
			);
			path = ViewModels;
			sourceTree = "<group>";
		};
		D6E677C72412C79D00337864 /* Views */ = {
			isa = PBXGroup;
			children = (
				D6E677C82412C7E400337864 /* MovieCollectionCell.swift */,
				D6E677D42413917900337864 /* MovieTableCell.swift */,
				D6E677D224138C6B00337864 /* GenreTableCell.swift */,
			);
			path = Views;
			sourceTree = "<group>";
		};
		D6E677CD2412E72900337864 /* Extentions */ = {
			isa = PBXGroup;
			children = (
				D6E677CE2412E75500337864 /* ResultExtention.swift */,
				D6E677D724153C4E00337864 /* UserDefaultsExtension.swift */,
			);
			path = Extentions;
			sourceTree = "<group>";
		};
		D6E677D6241401A000337864 /* Enums */ = {
			isa = PBXGroup;
			children = (
				D6E677CB2412E2F500337864 /* MovieImageSizes.swift */,
			);
			path = Enums;
			sourceTree = "<group>";
		};
/* End PBXGroup section */

/* Begin PBXNativeTarget section */
		D6E6776424115E1A00337864 /* TheMovieDB */ = {
			isa = PBXNativeTarget;
			buildConfigurationList = D6E6777924115E1B00337864 /* Build configuration list for PBXNativeTarget "TheMovieDB" */;
			buildPhases = (
				D6E6776124115E1A00337864 /* Sources */,
				D6E6776224115E1A00337864 /* Frameworks */,
				D6E6776324115E1A00337864 /* Resources */,
			);
			buildRules = (
			);
			dependencies = (
			);
			name = TheMovieDB;
			productName = TheMovieDB;
			productReference = D6E6776524115E1A00337864 /* TheMovieDB.app */;
			productType = "com.apple.product-type.application";
		};
/* End PBXNativeTarget section */

/* Begin PBXProject section */
		D6E6775D24115E1A00337864 /* Project object */ = {
			isa = PBXProject;
			attributes = {
				LastSwiftUpdateCheck = 1130;
				LastUpgradeCheck = 1130;
				ORGANIZATIONNAME = "Tal Lerman";
				TargetAttributes = {
					D6E6776424115E1A00337864 = {
						CreatedOnToolsVersion = 11.3;
					};
				};
			};
			buildConfigurationList = D6E6776024115E1A00337864 /* Build configuration list for PBXProject "TheMovieDB" */;
			compatibilityVersion = "Xcode 9.3";
			developmentRegion = en;
			hasScannedForEncodings = 0;
			knownRegions = (
				en,
				Base,
			);
			mainGroup = D6E6775C24115E1A00337864;
			productRefGroup = D6E6776624115E1A00337864 /* Products */;
			projectDirPath = "";
			projectRoot = "";
			targets = (
				D6E6776424115E1A00337864 /* TheMovieDB */,
			);
		};
/* End PBXProject section */

/* Begin PBXResourcesBuildPhase section */
		D6E6776324115E1A00337864 /* Resources */ = {
			isa = PBXResourcesBuildPhase;
			buildActionMask = 2147483647;
			files = (
				D6E6777524115E1B00337864 /* LaunchScreen.storyboard in Resources */,
				D6E6777224115E1B00337864 /* Assets.xcassets in Resources */,
				D6E6777024115E1A00337864 /* Main.storyboard in Resources */,
			);
			runOnlyForDeploymentPostprocessing = 0;
		};
/* End PBXResourcesBuildPhase section */

/* Begin PBXSourcesBuildPhase section */
		D6E6776124115E1A00337864 /* Sources */ = {
			isa = PBXSourcesBuildPhase;
			buildActionMask = 2147483647;
			files = (
				D6E677C62412B41C00337864 /* MoviesBViewModel.swift in Sources */,
				D6E677CC2412E2F500337864 /* MovieImageSizes.swift in Sources */,
				D6E677C22412B3F400337864 /* GenresViewModel.swift in Sources */,
				D6E677CF2412E75500337864 /* ResultExtention.swift in Sources */,
				D6E6778B24119EA000337864 /* Movie.swift in Sources */,
				D6E677B924124B2700337864 /* MoviesAViewController.swift in Sources */,
				D6E677C02412B3E000337864 /* DetailsViewModel.swift in Sources */,
				D6E677D1241383B400337864 /* WebViewModel.swift in Sources */,
				D6E6776D24115E1A00337864 /* ViewController.swift in Sources */,
				D6E677BD24125C1000337864 /* YouTubeVideoPlayerVC.swift in Sources */,
				D6E6778824118CFA00337864 /* NetworkError.swift in Sources */,
				D6E677922411D83900337864 /* Configuration.swift in Sources */,
				D6E677852411888000337864 /* NetworkClient.swift in Sources */,
				D6E6776924115E1A00337864 /* AppDelegate.swift in Sources */,
				D6E677BB24124B4900337864 /* MoviesBViewController.swift in Sources */,
				D6E677D824153C4E00337864 /* UserDefaultsExtension.swift in Sources */,
				D6E677D324138C6B00337864 /* GenreTableCell.swift in Sources */,
				D6E6778D2411A42E00337864 /* Video.swift in Sources */,
				D6E677B724124AE200337864 /* GenresViewController.swift in Sources */,
				D6E6776B24115E1A00337864 /* SceneDelegate.swift in Sources */,
				D6E677C42412B40900337864 /* MoviesAViewModel.swift in Sources */,
				D6E6777E241167C300337864 /* Genre.swift in Sources */,
				D6E677B524124A9D00337864 /* DetailsViewController.swift in Sources */,
				D6E677C92412C7E400337864 /* MovieCollectionCell.swift in Sources */,
				D6E677D52413917900337864 /* MovieTableCell.swift in Sources */,
			);
			runOnlyForDeploymentPostprocessing = 0;
		};
/* End PBXSourcesBuildPhase section */

/* Begin PBXVariantGroup section */
		D6E6776E24115E1A00337864 /* Main.storyboard */ = {
			isa = PBXVariantGroup;
			children = (
				D6E6776F24115E1A00337864 /* Base */,
			);
			name = Main.storyboard;
			sourceTree = "<group>";
		};
		D6E6777324115E1B00337864 /* LaunchScreen.storyboard */ = {
			isa = PBXVariantGroup;
			children = (
				D6E6777424115E1B00337864 /* Base */,
			);
			name = LaunchScreen.storyboard;
			sourceTree = "<group>";
		};
/* End PBXVariantGroup section */

/* Begin XCBuildConfiguration section */
		D6E6777724115E1B00337864 /* Debug */ = {
			isa = XCBuildConfiguration;
			buildSettings = {
				ALWAYS_SEARCH_USER_PATHS = NO;
				CLANG_ANALYZER_NONNULL = YES;
				CLANG_ANALYZER_NUMBER_OBJECT_CONVERSION = YES_AGGRESSIVE;
				CLANG_CXX_LANGUAGE_STANDARD = "gnu++14";
				CLANG_CXX_LIBRARY = "libc++";
				CLANG_ENABLE_MODULES = YES;
				CLANG_ENABLE_OBJC_ARC = YES;
				CLANG_ENABLE_OBJC_WEAK = YES;
				CLANG_WARN_BLOCK_CAPTURE_AUTORELEASING = YES;
				CLANG_WARN_BOOL_CONVERSION = YES;
				CLANG_WARN_COMMA = YES;
				CLANG_WARN_CONSTANT_CONVERSION = YES;
				CLANG_WARN_DEPRECATED_OBJC_IMPLEMENTATIONS = YES;
				CLANG_WARN_DIRECT_OBJC_ISA_USAGE = YES_ERROR;
				CLANG_WARN_DOCUMENTATION_COMMENTS = YES;
				CLANG_WARN_EMPTY_BODY = YES;
				CLANG_WARN_ENUM_CONVERSION = YES;
				CLANG_WARN_INFINITE_RECURSION = YES;
				CLANG_WARN_INT_CONVERSION = YES;
				CLANG_WARN_NON_LITERAL_NULL_CONVERSION = YES;
				CLANG_WARN_OBJC_IMPLICIT_RETAIN_SELF = YES;
				CLANG_WARN_OBJC_LITERAL_CONVERSION = YES;
				CLANG_WARN_OBJC_ROOT_CLASS = YES_ERROR;
				CLANG_WARN_RANGE_LOOP_ANALYSIS = YES;
				CLANG_WARN_STRICT_PROTOTYPES = YES;
				CLANG_WARN_SUSPICIOUS_MOVE = YES;
				CLANG_WARN_UNGUARDED_AVAILABILITY = YES_AGGRESSIVE;
				CLANG_WARN_UNREACHABLE_CODE = YES;
				CLANG_WARN__DUPLICATE_METHOD_MATCH = YES;
				COPY_PHASE_STRIP = NO;
				DEBUG_INFORMATION_FORMAT = dwarf;
				ENABLE_STRICT_OBJC_MSGSEND = YES;
				ENABLE_TESTABILITY = YES;
				GCC_C_LANGUAGE_STANDARD = gnu11;
				GCC_DYNAMIC_NO_PIC = NO;
				GCC_NO_COMMON_BLOCKS = YES;
				GCC_OPTIMIZATION_LEVEL = 0;
				GCC_PREPROCESSOR_DEFINITIONS = (
					"DEBUG=1",
					"$(inherited)",
				);
				GCC_WARN_64_TO_32_BIT_CONVERSION = YES;
				GCC_WARN_ABOUT_RETURN_TYPE = YES_ERROR;
				GCC_WARN_UNDECLARED_SELECTOR = YES;
				GCC_WARN_UNINITIALIZED_AUTOS = YES_AGGRESSIVE;
				GCC_WARN_UNUSED_FUNCTION = YES;
				GCC_WARN_UNUSED_VARIABLE = YES;
				IPHONEOS_DEPLOYMENT_TARGET = 13.2;
				MTL_ENABLE_DEBUG_INFO = INCLUDE_SOURCE;
				MTL_FAST_MATH = YES;
				ONLY_ACTIVE_ARCH = YES;
				SDKROOT = iphoneos;
				SWIFT_ACTIVE_COMPILATION_CONDITIONS = DEBUG;
				SWIFT_OPTIMIZATION_LEVEL = "-Onone";
			};
			name = Debug;
		};
		D6E6777824115E1B00337864 /* Release */ = {
			isa = XCBuildConfiguration;
			buildSettings = {
				ALWAYS_SEARCH_USER_PATHS = NO;
				CLANG_ANALYZER_NONNULL = YES;
				CLANG_ANALYZER_NUMBER_OBJECT_CONVERSION = YES_AGGRESSIVE;
				CLANG_CXX_LANGUAGE_STANDARD = "gnu++14";
				CLANG_CXX_LIBRARY = "libc++";
				CLANG_ENABLE_MODULES = YES;
				CLANG_ENABLE_OBJC_ARC = YES;
				CLANG_ENABLE_OBJC_WEAK = YES;
				CLANG_WARN_BLOCK_CAPTURE_AUTORELEASING = YES;
				CLANG_WARN_BOOL_CONVERSION = YES;
				CLANG_WARN_COMMA = YES;
				CLANG_WARN_CONSTANT_CONVERSION = YES;
				CLANG_WARN_DEPRECATED_OBJC_IMPLEMENTATIONS = YES;
				CLANG_WARN_DIRECT_OBJC_ISA_USAGE = YES_ERROR;
				CLANG_WARN_DOCUMENTATION_COMMENTS = YES;
				CLANG_WARN_EMPTY_BODY = YES;
				CLANG_WARN_ENUM_CONVERSION = YES;
				CLANG_WARN_INFINITE_RECURSION = YES;
				CLANG_WARN_INT_CONVERSION = YES;
				CLANG_WARN_NON_LITERAL_NULL_CONVERSION = YES;
				CLANG_WARN_OBJC_IMPLICIT_RETAIN_SELF = YES;
				CLANG_WARN_OBJC_LITERAL_CONVERSION = YES;
				CLANG_WARN_OBJC_ROOT_CLASS = YES_ERROR;
				CLANG_WARN_RANGE_LOOP_ANALYSIS = YES;
				CLANG_WARN_STRICT_PROTOTYPES = YES;
				CLANG_WARN_SUSPICIOUS_MOVE = YES;
				CLANG_WARN_UNGUARDED_AVAILABILITY = YES_AGGRESSIVE;
				CLANG_WARN_UNREACHABLE_CODE = YES;
				CLANG_WARN__DUPLICATE_METHOD_MATCH = YES;
				COPY_PHASE_STRIP = NO;
				DEBUG_INFORMATION_FORMAT = "dwarf-with-dsym";
				ENABLE_NS_ASSERTIONS = NO;
				ENABLE_STRICT_OBJC_MSGSEND = YES;
				GCC_C_LANGUAGE_STANDARD = gnu11;
				GCC_NO_COMMON_BLOCKS = YES;
				GCC_WARN_64_TO_32_BIT_CONVERSION = YES;
				GCC_WARN_ABOUT_RETURN_TYPE = YES_ERROR;
				GCC_WARN_UNDECLARED_SELECTOR = YES;
				GCC_WARN_UNINITIALIZED_AUTOS = YES_AGGRESSIVE;
				GCC_WARN_UNUSED_FUNCTION = YES;
				GCC_WARN_UNUSED_VARIABLE = YES;
				IPHONEOS_DEPLOYMENT_TARGET = 13.2;
				MTL_ENABLE_DEBUG_INFO = NO;
				MTL_FAST_MATH = YES;
				SDKROOT = iphoneos;
				SWIFT_COMPILATION_MODE = wholemodule;
				SWIFT_OPTIMIZATION_LEVEL = "-O";
				VALIDATE_PRODUCT = YES;
			};
			name = Release;
		};
		D6E6777A24115E1B00337864 /* Debug */ = {
			isa = XCBuildConfiguration;
			buildSettings = {
				ASSETCATALOG_COMPILER_APPICON_NAME = AppIcon;
				CODE_SIGN_STYLE = Automatic;
				DEVELOPMENT_TEAM = 85L6M58BF4;
				INFOPLIST_FILE = TheMovieDB/Info.plist;
				LD_RUNPATH_SEARCH_PATHS = (
					"$(inherited)",
					"@executable_path/Frameworks",
				);
				PRODUCT_BUNDLE_IDENTIFIER = com.TalLerman.TheMovieDB;
				PRODUCT_NAME = "$(TARGET_NAME)";
				SWIFT_VERSION = 5.0;
				TARGETED_DEVICE_FAMILY = 1;
			};
			name = Debug;
		};
		D6E6777B24115E1B00337864 /* Release */ = {
			isa = XCBuildConfiguration;
			buildSettings = {
				ASSETCATALOG_COMPILER_APPICON_NAME = AppIcon;
				CODE_SIGN_STYLE = Automatic;
				DEVELOPMENT_TEAM = 85L6M58BF4;
				INFOPLIST_FILE = TheMovieDB/Info.plist;
				LD_RUNPATH_SEARCH_PATHS = (
					"$(inherited)",
					"@executable_path/Frameworks",
				);
				PRODUCT_BUNDLE_IDENTIFIER = com.TalLerman.TheMovieDB;
				PRODUCT_NAME = "$(TARGET_NAME)";
				SWIFT_VERSION = 5.0;
				TARGETED_DEVICE_FAMILY = 1;
			};
			name = Release;
		};
/* End XCBuildConfiguration section */

/* Begin XCConfigurationList section */
		D6E6776024115E1A00337864 /* Build configuration list for PBXProject "TheMovieDB" */ = {
			isa = XCConfigurationList;
			buildConfigurations = (
				D6E6777724115E1B00337864 /* Debug */,
				D6E6777824115E1B00337864 /* Release */,
			);
			defaultConfigurationIsVisible = 0;
			defaultConfigurationName = Release;
		};
		D6E6777924115E1B00337864 /* Build configuration list for PBXNativeTarget "TheMovieDB" */ = {
			isa = XCConfigurationList;
			buildConfigurations = (
				D6E6777A24115E1B00337864 /* Debug */,
				D6E6777B24115E1B00337864 /* Release */,
			);
			defaultConfigurationIsVisible = 0;
			defaultConfigurationName = Release;
		};
/* End XCConfigurationList section */
	};
	rootObject = D6E6775D24115E1A00337864 /* Project object */;
}
